{
   "name": "md2texi",
   "version": "2.1.3",
   "lockfileVersion": 1,
   "requires": true,
   "dependencies": {
      "argparse": {
         "version": "1.0.10",
         "resolved": "https://registry.npmjs.org/argparse/-/argparse-1.0.10.tgz",
         "integrity": "sha512-o5Roy6tNG4SL/FOkCAN6RzjiakZS25RLYFrcMttJqbdd8BWrnA+fGz57iN5Pb06pvBGvl5gQ0B48dJlslXvoTg==",
         "requires": {
            "sprintf-js": "~1.0.2"
         }
      },
      "commander": {
         "version": "2.9.0",
         "resolved": "https://registry.npmjs.org/commander/-/commander-2.9.0.tgz",
         "integrity": "sha1-nJkJQXbhIkDLItbFFGCYQA/g99Q=",
         "requires": {
            "graceful-readlink": ">= 1.0.0"
         }
      },
      "ent": {
         "version": "2.2.0",
         "resolved": "https://registry.npmjs.org/ent/-/ent-2.2.0.tgz",
         "integrity": "sha1-6WQhkyWiHQX0RGai9obtbOX13R0="
      },
      "esprima": {
         "version": "4.0.1",
         "resolved": "https://registry.npmjs.org/esprima/-/esprima-4.0.1.tgz",
         "integrity": "sha512-eGuFFw7Upda+g4p+QHvnW0RyTX/SVeJBDM/gCtMARO0cLuT2HcEKnTPvhjV6aGeqrCB/sbNop0Kszm0jsaWU4A=="
      },
      "graceful-readlink": {
         "version": "1.0.1",
         "resolved": "https://registry.npmjs.org/graceful-readlink/-/graceful-readlink-1.0.1.tgz",
         "integrity": "sha1-TK+tdrxi8C+gObL5Tpo906ORpyU="
      },
      "js-yaml": {
         "version": "3.14.0",
         "resolved": "https://registry.npmjs.org/js-yaml/-/js-yaml-3.14.0.tgz",
         "integrity": "sha512-/4IbIeHcD9VMHFqDR/gQ7EdZdLimOvW2DdcxFjdyyZ9NsbS+ccrXqVWDtab/lRl5AlUqmpBx8EhPaWR+OtY17A==",
         "requires": {
            "argparse": "^1.0.7",
            "esprima": "^4.0.0"
         }
      },
      "marked": {
         "version": "0.3.6",
         "resolved": "https://registry.npmjs.org/marked/-/marked-0.3.6.tgz",
         "integrity": "sha1-ssbGGPzOzk74bE/Gy4p8v1rtqNc="
      },
      "parse5": {
         "version": "2.2.3",
         "resolved": "https://registry.npmjs.org/parse5/-/parse5-2.2.3.tgz",
         "integrity": "sha1-DE/EHBAAxea5PUiwP4CDg3g06fY="
      },
      "sprintf-js": {
         "version": "1.0.3",
         "resolved": "https://registry.npmjs.org/sprintf-js/-/sprintf-js-1.0.3.tgz",
         "integrity": "sha1-BOaSb2YolTVPPdAVIDYzuFcpfiw="
      }
   }
}
